
Microsoft Visual Studio Solution File, Format Version 12.00
# Visual Studio Version 17
VisualStudioVersion = 17.0.31903.59
MinimumVisualStudioVersion = 10.0.40219.1
Project("{FAE04EC0-301F-11D3-BF4B-00C04F79EFBC}") = "Domain", "src\Domain\Domain.csproj", "{4EEB14C7-A9A7-417B-98D7-AA0DC6ED026E}"
EndProject
Project("{FAE04EC0-301F-11D3-BF4B-00C04F79EFBC}") = "Infra", "src\Infra\Infra.csproj", "{7F081671-9F08-4DB9-AADA-1555214C0AA6}"
EndProject
Project("{FAE04EC0-301F-11D3-BF4B-00C04F79EFBC}") = "Ui", "src\Ui\Ui.csproj", "{F5BAB5D0-9B45-4A71-AD17-F9657A1BCA1C}"
EndProject
Project("{2150E333-8FDC-42A3-9474-1A3956D46DE8}") = "tests", "tests", "{537C4BDA-570C-4F97-A989-FCB503FFA4EF}"
EndProject
Project("{FAE04EC0-301F-11D3-BF4B-00C04F79EFBC}") = "Unit", "tests\Unit\Unit.csproj", "{562B35FA-103E-4505-8DD1-5B78936B7670}"
EndProject
Project("{FAE04EC0-301F-11D3-BF4B-00C04F79EFBC}") = "Integration", "tests\Integration\Integration.csproj", "{78CAEFBF-0AF2-424D-9D8F-D0906297ECA6}"
EndProject
Global
	GlobalSection(SolutionConfigurationPlatforms) = preSolution
		Debug|Any CPU = Debug|Any CPU
		Release|Any CPU = Release|Any CPU
	EndGlobalSection
	GlobalSection(SolutionProperties) = preSolution
		HideSolutionNode = FALSE
	EndGlobalSection
	GlobalSection(ProjectConfigurationPlatforms) = postSolution
		{4EEB14C7-A9A7-417B-98D7-AA0DC6ED026E}.Debug|Any CPU.ActiveCfg = Debug|Any CPU
		{4EEB14C7-A9A7-417B-98D7-AA0DC6ED026E}.Debug|Any CPU.Build.0 = Debug|Any CPU
		{4EEB14C7-A9A7-417B-98D7-AA0DC6ED026E}.Release|Any CPU.ActiveCfg = Release|Any CPU
		{4EEB14C7-A9A7-417B-98D7-AA0DC6ED026E}.Release|Any CPU.Build.0 = Release|Any CPU
		{7F081671-9F08-4DB9-AADA-1555214C0AA6}.Debug|Any CPU.ActiveCfg = Debug|Any CPU
		{7F081671-9F08-4DB9-AADA-1555214C0AA6}.Debug|Any CPU.Build.0 = Debug|Any CPU
		{7F081671-9F08-4DB9-AADA-1555214C0AA6}.Release|Any CPU.ActiveCfg = Release|Any CPU
		{7F081671-9F08-4DB9-AADA-1555214C0AA6}.Release|Any CPU.Build.0 = Release|Any CPU
		{F5BAB5D0-9B45-4A71-AD17-F9657A1BCA1C}.Debug|Any CPU.ActiveCfg = Debug|Any CPU
		{F5BAB5D0-9B45-4A71-AD17-F9657A1BCA1C}.Debug|Any CPU.Build.0 = Debug|Any CPU
		{F5BAB5D0-9B45-4A71-AD17-F9657A1BCA1C}.Release|Any CPU.ActiveCfg = Release|Any CPU
		{F5BAB5D0-9B45-4A71-AD17-F9657A1BCA1C}.Release|Any CPU.Build.0 = Release|Any CPU
		{562B35FA-103E-4505-8DD1-5B78936B7670}.Debug|Any CPU.ActiveCfg = Debug|Any CPU
		{562B35FA-103E-4505-8DD1-5B78936B7670}.Debug|Any CPU.Build.0 = Debug|Any CPU
		{562B35FA-103E-4505-8DD1-5B78936B7670}.Release|Any CPU.ActiveCfg = Release|Any CPU
		{562B35FA-103E-4505-8DD1-5B78936B7670}.Release|Any CPU.Build.0 = Release|Any CPU
		{78CAEFBF-0AF2-424D-9D8F-D0906297ECA6}.Debug|Any CPU.ActiveCfg = Debug|Any CPU
		{78CAEFBF-0AF2-424D-9D8F-D0906297ECA6}.Debug|Any CPU.Build.0 = Debug|Any CPU
		{78CAEFBF-0AF2-424D-9D8F-D0906297ECA6}.Release|Any CPU.ActiveCfg = Release|Any CPU
		{78CAEFBF-0AF2-424D-9D8F-D0906297ECA6}.Release|Any CPU.Build.0 = Release|Any CPU
	EndGlobalSection
	GlobalSection(NestedProjects) = preSolution
		{562B35FA-103E-4505-8DD1-5B78936B7670} = {537C4BDA-570C-4F97-A989-FCB503FFA4EF}
		{78CAEFBF-0AF2-424D-9D8F-D0906297ECA6} = {537C4BDA-570C-4F97-A989-FCB503FFA4EF}
	EndGlobalSection
EndGlobal
